
Microsoft Visual Studio Solution File, Format Version 12.00
# Visual Studio Version 17
VisualStudioVersion = 17.4.33103.184
MinimumVisualStudioVersion = 10.0.40219.1
Project("{9A19103F-16F7-4668-BE54-9A1E7A4F7556}") = "Piramide", "Piramide\Piramide.csproj", "{83DD79DC-D56F-48C3-AB6F-F33C8F87242C}"
EndProject
Project("{FAE04EC0-301F-11D3-BF4B-00C04F79EFBC}") = "Vertice", "Vertice\Vertice.csproj", "{338D15AA-F6A4-4091-B5A4-E7187CF6298E}"
EndProject
Global
	GlobalSection(SolutionConfigurationPlatforms) = preSolution
		Debug|Any CPU = Debug|Any CPU
		Release|Any CPU = Release|Any CPU
	EndGlobalSection
	GlobalSection(ProjectConfigurationPlatforms) = postSolution
		{83DD79DC-D56F-48C3-AB6F-F33C8F87242C}.Debug|Any CPU.ActiveCfg = Debug|Any CPU
		{83DD79DC-D56F-48C3-AB6F-F33C8F87242C}.Debug|Any CPU.Build.0 = Debug|Any CPU
		{83DD79DC-D56F-48C3-AB6F-F33C8F87242C}.Release|Any CPU.ActiveCfg = Release|Any CPU
		{83DD79DC-D56F-48C3-AB6F-F33C8F87242C}.Release|Any CPU.Build.0 = Release|Any CPU
		{338D15AA-F6A4-4091-B5A4-E7187CF6298E}.Debug|Any CPU.ActiveCfg = Debug|Any CPU
		{338D15AA-F6A4-4091-B5A4-E7187CF6298E}.Debug|Any CPU.Build.0 = Debug|Any CPU
		{338D15AA-F6A4-4091-B5A4-E7187CF6298E}.Release|Any CPU.ActiveCfg = Release|Any CPU
		{338D15AA-F6A4-4091-B5A4-E7187CF6298E}.Release|Any CPU.Build.0 = Release|Any CPU
	EndGlobalSection
	GlobalSection(SolutionProperties) = preSolution
		HideSolutionNode = FALSE
	EndGlobalSection
	GlobalSection(ExtensibilityGlobals) = postSolution
		SolutionGuid = {06E1D0AD-47AB-4D1B-B62D-A31953E99189}
	EndGlobalSection
EndGlobal
